
Microsoft Visual Studio Solution File, Format Version 11.00
# Visual Studio 2010
Project("{FAE04EC0-301F-11D3-BF4B-00C04F79EFBC}") = "Group Project (1)", "Assembly-CSharp.csproj", "{7525405B-789E-48AE-EC1F-5055220C10E4}"
EndProject
Project("{FAE04EC0-301F-11D3-BF4B-00C04F79EFBC}") = "Group Project (1)", "Assembly-CSharp-Editor.csproj", "{FC1E9CE5-9F51-0FEC-0A01-540B4B9951D8}"
EndProject
Global
	GlobalSection(SolutionConfigurationPlatforms) = preSolution
		Debug|Any CPU = Debug|Any CPU
		Release|Any CPU = Release|Any CPU
	EndGlobalSection
	GlobalSection(ProjectConfigurationPlatforms) = postSolution
		{7525405B-789E-48AE-EC1F-5055220C10E4}.Debug|Any CPU.ActiveCfg = Debug|Any CPU
		{7525405B-789E-48AE-EC1F-5055220C10E4}.Debug|Any CPU.Build.0 = Debug|Any CPU
		{7525405B-789E-48AE-EC1F-5055220C10E4}.Release|Any CPU.ActiveCfg = Release|Any CPU
		{7525405B-789E-48AE-EC1F-5055220C10E4}.Release|Any CPU.Build.0 = Release|Any CPU
		{FC1E9CE5-9F51-0FEC-0A01-540B4B9951D8}.Debug|Any CPU.ActiveCfg = Debug|Any CPU
		{FC1E9CE5-9F51-0FEC-0A01-540B4B9951D8}.Debug|Any CPU.Build.0 = Debug|Any CPU
		{FC1E9CE5-9F51-0FEC-0A01-540B4B9951D8}.Release|Any CPU.ActiveCfg = Release|Any CPU
		{FC1E9CE5-9F51-0FEC-0A01-540B4B9951D8}.Release|Any CPU.Build.0 = Release|Any CPU
	EndGlobalSection
	GlobalSection(SolutionProperties) = preSolution
		HideSolutionNode = FALSE
	EndGlobalSection
	GlobalSection(MonoDevelopProperties) = preSolution
		StartupItem = Assembly-CSharp.csproj
	EndGlobalSection
EndGlobal
